
Microsoft Visual Studio Solution File, Format Version 12.00
# Visual Studio Version 17
VisualStudioVersion = 17.11.35219.272
MinimumVisualStudioVersion = 10.0.40219.1
Project("{9A19103F-16F7-4668-BE54-9A1E7A4F7556}") = "JobPortal.web", "JobPortal.web\JobPortal.web.csproj", "{EE1ABC98-286B-4233-978E-F7F6C89C9611}"
EndProject
Project("{9A19103F-16F7-4668-BE54-9A1E7A4F7556}") = "JobPortal.Infrastructure", "jobPortal.Infrastructure\JobPortal.Infrastructure.csproj", "{B47D0B16-F77E-4DD2-AA09-BAC598A1A693}"
EndProject
Project("{9A19103F-16F7-4668-BE54-9A1E7A4F7556}") = "JobPortal.Models", "JobPortal.models\JobPortal.Models.csproj", "{6A9F06D0-6ABE-4235-B1A5-F063A38CA527}"
EndProject
Project("{9A19103F-16F7-4668-BE54-9A1E7A4F7556}") = "JobPortal.Utility", "JobPortal.Utility\JobPortal.Utility.csproj", "{2A2BABC1-ECBA-4BD9-B333-E7253D2073A5}"
EndProject
Global
	GlobalSection(SolutionConfigurationPlatforms) = preSolution
		Debug|Any CPU = Debug|Any CPU
		Release|Any CPU = Release|Any CPU
	EndGlobalSection
	GlobalSection(ProjectConfigurationPlatforms) = postSolution
		{EE1ABC98-286B-4233-978E-F7F6C89C9611}.Debug|Any CPU.ActiveCfg = Debug|Any CPU
		{EE1ABC98-286B-4233-978E-F7F6C89C9611}.Debug|Any CPU.Build.0 = Debug|Any CPU
		{EE1ABC98-286B-4233-978E-F7F6C89C9611}.Release|Any CPU.ActiveCfg = Release|Any CPU
		{EE1ABC98-286B-4233-978E-F7F6C89C9611}.Release|Any CPU.Build.0 = Release|Any CPU
		{B47D0B16-F77E-4DD2-AA09-BAC598A1A693}.Debug|Any CPU.ActiveCfg = Debug|Any CPU
		{B47D0B16-F77E-4DD2-AA09-BAC598A1A693}.Debug|Any CPU.Build.0 = Debug|Any CPU
		{B47D0B16-F77E-4DD2-AA09-BAC598A1A693}.Release|Any CPU.ActiveCfg = Release|Any CPU
		{B47D0B16-F77E-4DD2-AA09-BAC598A1A693}.Release|Any CPU.Build.0 = Release|Any CPU
		{6A9F06D0-6ABE-4235-B1A5-F063A38CA527}.Debug|Any CPU.ActiveCfg = Debug|Any CPU
		{6A9F06D0-6ABE-4235-B1A5-F063A38CA527}.Debug|Any CPU.Build.0 = Debug|Any CPU
		{6A9F06D0-6ABE-4235-B1A5-F063A38CA527}.Release|Any CPU.ActiveCfg = Release|Any CPU
		{6A9F06D0-6ABE-4235-B1A5-F063A38CA527}.Release|Any CPU.Build.0 = Release|Any CPU
		{2A2BABC1-ECBA-4BD9-B333-E7253D2073A5}.Debug|Any CPU.ActiveCfg = Debug|Any CPU
		{2A2BABC1-ECBA-4BD9-B333-E7253D2073A5}.Debug|Any CPU.Build.0 = Debug|Any CPU
		{2A2BABC1-ECBA-4BD9-B333-E7253D2073A5}.Release|Any CPU.ActiveCfg = Release|Any CPU
		{2A2BABC1-ECBA-4BD9-B333-E7253D2073A5}.Release|Any CPU.Build.0 = Release|Any CPU
	EndGlobalSection
	GlobalSection(SolutionProperties) = preSolution
		HideSolutionNode = FALSE
	EndGlobalSection
	GlobalSection(ExtensibilityGlobals) = postSolution
		SolutionGuid = {EE8608E8-C0E8-4CF2-855A-E14638B2F2F4}
	EndGlobalSection
EndGlobal
